
Microsoft Visual Studio Solution File, Format Version 12.00
# Visual Studio 15
VisualStudioVersion = 15.0.27428.2043
MinimumVisualStudioVersion = 10.0.40219.1
Project("{FAE04EC0-301F-11D3-BF4B-00C04F79EFBC}") = "Plugin.GuestureLock.Android", "Plugin.GuestureLock\Plugin.GuestureLock.Android\Plugin.GuestureLock.Android.csproj", "{C29937A5-EAA5-4780-85AE-FBF687EC0F58}"
EndProject
Project("{FAE04EC0-301F-11D3-BF4B-00C04F79EFBC}") = "Plugin.GuestureLock.iOS", "Plugin.GuestureLock\Plugin.GuestureLock.iOS\Plugin.GuestureLock.iOS.csproj", "{DEB9CA7C-7D8A-4F38-AAE4-4F8B8D0EDE0A}"
EndProject
Project("{FAE04EC0-301F-11D3-BF4B-00C04F79EFBC}") = "Plugin.GuestureLock.UWP", "Plugin.GuestureLock\Plugin.GuestureLock.UWP\Plugin.GuestureLock.UWP.csproj", "{2E19C4EA-B371-4688-BF67-56E560DF69D7}"
EndProject
Project("{FAE04EC0-301F-11D3-BF4B-00C04F79EFBC}") = "Plugin.GuestureLock", "Plugin.GuestureLock\Plugin.GuestureLock\Plugin.GuestureLock.csproj", "{6232CE1D-670E-4C3F-9DC0-F0F2D461C56E}"
EndProject

Global
	GlobalSection(SolutionConfigurationPlatforms) = preSolution
		Ad-Hoc|Any CPU = Ad-Hoc|Any CPU
		Ad-Hoc|ARM = Ad-Hoc|ARM
		Ad-Hoc|iPhone = Ad-Hoc|iPhone
		Ad-Hoc|iPhoneSimulator = Ad-Hoc|iPhoneSimulator
		Ad-Hoc|x64 = Ad-Hoc|x64
		Ad-Hoc|x86 = Ad-Hoc|x86
		AppStore|Any CPU = AppStore|Any CPU
		AppStore|ARM = AppStore|ARM
		AppStore|iPhone = AppStore|iPhone
		AppStore|iPhoneSimulator = AppStore|iPhoneSimulator
		AppStore|x64 = AppStore|x64
		AppStore|x86 = AppStore|x86
		Debug|Any CPU = Debug|Any CPU
		Debug|ARM = Debug|ARM
		Debug|iPhone = Debug|iPhone
		Debug|iPhoneSimulator = Debug|iPhoneSimulator
		Debug|x64 = Debug|x64
		Debug|x86 = Debug|x86
		Release|Any CPU = Release|Any CPU
		Release|ARM = Release|ARM
		Release|iPhone = Release|iPhone
		Release|iPhoneSimulator = Release|iPhoneSimulator
		Release|x64 = Release|x64
		Release|x86 = Release|x86
	EndGlobalSection
	GlobalSection(ProjectConfigurationPlatforms) = postSolution
		{C29937A5-EAA5-4780-85AE-FBF687EC0F58}.Ad-Hoc|Any CPU.ActiveCfg = Release|Any CPU
		{C29937A5-EAA5-4780-85AE-FBF687EC0F58}.Ad-Hoc|Any CPU.Build.0 = Release|Any CPU
		{C29937A5-EAA5-4780-85AE-FBF687EC0F58}.Ad-Hoc|Any CPU.Deploy.0 = Release|Any CPU
		{C29937A5-EAA5-4780-85AE-FBF687EC0F58}.Ad-Hoc|ARM.ActiveCfg = Release|Any CPU
		{C29937A5-EAA5-4780-85AE-FBF687EC0F58}.Ad-Hoc|ARM.Build.0 = Release|Any CPU
		{C29937A5-EAA5-4780-85AE-FBF687EC0F58}.Ad-Hoc|ARM.Deploy.0 = Release|Any CPU
		{C29937A5-EAA5-4780-85AE-FBF687EC0F58}.Ad-Hoc|iPhone.ActiveCfg = Release|Any CPU
		{C29937A5-EAA5-4780-85AE-FBF687EC0F58}.Ad-Hoc|iPhone.Build.0 = Release|Any CPU
		{C29937A5-EAA5-4780-85AE-FBF687EC0F58}.Ad-Hoc|iPhone.Deploy.0 = Release|Any CPU
		{C29937A5-EAA5-4780-85AE-FBF687EC0F58}.Ad-Hoc|iPhoneSimulator.ActiveCfg = Release|Any CPU
		{C29937A5-EAA5-4780-85AE-FBF687EC0F58}.Ad-Hoc|iPhoneSimulator.Build.0 = Release|Any CPU
		{C29937A5-EAA5-4780-85AE-FBF687EC0F58}.Ad-Hoc|iPhoneSimulator.Deploy.0 = Release|Any CPU
		{C29937A5-EAA5-4780-85AE-FBF687EC0F58}.Ad-Hoc|x64.ActiveCfg = Release|Any CPU
		{C29937A5-EAA5-4780-85AE-FBF687EC0F58}.Ad-Hoc|x64.Build.0 = Release|Any CPU
		{C29937A5-EAA5-4780-85AE-FBF687EC0F58}.Ad-Hoc|x64.Deploy.0 = Release|Any CPU
		{C29937A5-EAA5-4780-85AE-FBF687EC0F58}.Ad-Hoc|x86.ActiveCfg = Release|Any CPU
		{C29937A5-EAA5-4780-85AE-FBF687EC0F58}.Ad-Hoc|x86.Build.0 = Release|Any CPU
		{C29937A5-EAA5-4780-85AE-FBF687EC0F58}.Ad-Hoc|x86.Deploy.0 = Release|Any CPU
		{C29937A5-EAA5-4780-85AE-FBF687EC0F58}.AppStore|Any CPU.ActiveCfg = Release|Any CPU
		{C29937A5-EAA5-4780-85AE-FBF687EC0F58}.AppStore|Any CPU.Build.0 = Release|Any CPU
		{C29937A5-EAA5-4780-85AE-FBF687EC0F58}.AppStore|Any CPU.Deploy.0 = Release|Any CPU
		{C29937A5-EAA5-4780-85AE-FBF687EC0F58}.AppStore|ARM.ActiveCfg = Release|Any CPU
		{C29937A5-EAA5-4780-85AE-FBF687EC0F58}.AppStore|ARM.Build.0 = Release|Any CPU
		{C29937A5-EAA5-4780-85AE-FBF687EC0F58}.AppStore|ARM.Deploy.0 = Release|Any CPU
		{C29937A5-EAA5-4780-85AE-FBF687EC0F58}.AppStore|iPhone.ActiveCfg = Release|Any CPU
		{C29937A5-EAA5-4780-85AE-FBF687EC0F58}.AppStore|iPhone.Build.0 = Release|Any CPU
		{C29937A5-EAA5-4780-85AE-FBF687EC0F58}.AppStore|iPhone.Deploy.0 = Release|Any CPU
		{C29937A5-EAA5-4780-85AE-FBF687EC0F58}.AppStore|iPhoneSimulator.ActiveCfg = Release|Any CPU
		{C29937A5-EAA5-4780-85AE-FBF687EC0F58}.AppStore|iPhoneSimulator.Build.0 = Release|Any CPU
		{C29937A5-EAA5-4780-85AE-FBF687EC0F58}.AppStore|iPhoneSimulator.Deploy.0 = Release|Any CPU
		{C29937A5-EAA5-4780-85AE-FBF687EC0F58}.AppStore|x64.ActiveCfg = Release|Any CPU
		{C29937A5-EAA5-4780-85AE-FBF687EC0F58}.AppStore|x64.Build.0 = Release|Any CPU
		{C29937A5-EAA5-4780-85AE-FBF687EC0F58}.AppStore|x64.Deploy.0 = Release|Any CPU
		{C29937A5-EAA5-4780-85AE-FBF687EC0F58}.AppStore|x86.ActiveCfg = Release|Any CPU
		{C29937A5-EAA5-4780-85AE-FBF687EC0F58}.AppStore|x86.Build.0 = Release|Any CPU
		{C29937A5-EAA5-4780-85AE-FBF687EC0F58}.AppStore|x86.Deploy.0 = Release|Any CPU
		{C29937A5-EAA5-4780-85AE-FBF687EC0F58}.Debug|Any CPU.ActiveCfg = Debug|Any CPU
		{C29937A5-EAA5-4780-85AE-FBF687EC0F58}.Debug|Any CPU.Build.0 = Debug|Any CPU
		{C29937A5-EAA5-4780-85AE-FBF687EC0F58}.Debug|Any CPU.Deploy.0 = Debug|Any CPU
		{C29937A5-EAA5-4780-85AE-FBF687EC0F58}.Debug|ARM.ActiveCfg = Debug|Any CPU
		{C29937A5-EAA5-4780-85AE-FBF687EC0F58}.Debug|ARM.Build.0 = Debug|Any CPU
		{C29937A5-EAA5-4780-85AE-FBF687EC0F58}.Debug|ARM.Deploy.0 = Debug|Any CPU
		{C29937A5-EAA5-4780-85AE-FBF687EC0F58}.Debug|iPhone.ActiveCfg = Debug|Any CPU
		{C29937A5-EAA5-4780-85AE-FBF687EC0F58}.Debug|iPhone.Build.0 = Debug|Any CPU
		{C29937A5-EAA5-4780-85AE-FBF687EC0F58}.Debug|iPhone.Deploy.0 = Debug|Any CPU
		{C29937A5-EAA5-4780-85AE-FBF687EC0F58}.Debug|iPhoneSimulator.ActiveCfg = Debug|Any CPU
		{C29937A5-EAA5-4780-85AE-FBF687EC0F58}.Debug|iPhoneSimulator.Build.0 = Debug|Any CPU
		{C29937A5-EAA5-4780-85AE-FBF687EC0F58}.Debug|iPhoneSimulator.Deploy.0 = Debug|Any CPU
		{C29937A5-EAA5-4780-85AE-FBF687EC0F58}.Debug|x64.ActiveCfg = Debug|Any CPU
		{C29937A5-EAA5-4780-85AE-FBF687EC0F58}.Debug|x64.Build.0 = Debug|Any CPU
		{C29937A5-EAA5-4780-85AE-FBF687EC0F58}.Debug|x64.Deploy.0 = Debug|Any CPU
		{C29937A5-EAA5-4780-85AE-FBF687EC0F58}.Debug|x86.ActiveCfg = Debug|Any CPU
		{C29937A5-EAA5-4780-85AE-FBF687EC0F58}.Debug|x86.Build.0 = Debug|Any CPU
		{C29937A5-EAA5-4780-85AE-FBF687EC0F58}.Debug|x86.Deploy.0 = Debug|Any CPU
		{C29937A5-EAA5-4780-85AE-FBF687EC0F58}.Release|Any CPU.ActiveCfg = Release|Any CPU
		{C29937A5-EAA5-4780-85AE-FBF687EC0F58}.Release|Any CPU.Build.0 = Release|Any CPU
		{C29937A5-EAA5-4780-85AE-FBF687EC0F58}.Release|Any CPU.Deploy.0 = Release|Any CPU
		{C29937A5-EAA5-4780-85AE-FBF687EC0F58}.Release|ARM.ActiveCfg = Release|Any CPU
		{C29937A5-EAA5-4780-85AE-FBF687EC0F58}.Release|ARM.Build.0 = Release|Any CPU
		{C29937A5-EAA5-4780-85AE-FBF687EC0F58}.Release|ARM.Deploy.0 = Release|Any CPU
		{C29937A5-EAA5-4780-85AE-FBF687EC0F58}.Release|iPhone.ActiveCfg = Release|Any CPU
		{C29937A5-EAA5-4780-85AE-FBF687EC0F58}.Release|iPhone.Build.0 = Release|Any CPU
		{C29937A5-EAA5-4780-85AE-FBF687EC0F58}.Release|iPhone.Deploy.0 = Release|Any CPU
		{C29937A5-EAA5-4780-85AE-FBF687EC0F58}.Release|iPhoneSimulator.ActiveCfg = Release|Any CPU
		{C29937A5-EAA5-4780-85AE-FBF687EC0F58}.Release|iPhoneSimulator.Build.0 = Release|Any CPU
		{C29937A5-EAA5-4780-85AE-FBF687EC0F58}.Release|iPhoneSimulator.Deploy.0 = Release|Any CPU
		{C29937A5-EAA5-4780-85AE-FBF687EC0F58}.Release|x64.ActiveCfg = Release|Any CPU
		{C29937A5-EAA5-4780-85AE-FBF687EC0F58}.Release|x64.Build.0 = Release|Any CPU
		{C29937A5-EAA5-4780-85AE-FBF687EC0F58}.Release|x64.Deploy.0 = Release|Any CPU
		{C29937A5-EAA5-4780-85AE-FBF687EC0F58}.Release|x86.ActiveCfg = Release|Any CPU
		{C29937A5-EAA5-4780-85AE-FBF687EC0F58}.Release|x86.Build.0 = Release|Any CPU
		{C29937A5-EAA5-4780-85AE-FBF687EC0F58}.Release|x86.Deploy.0 = Release|Any CPU
		{DEB9CA7C-7D8A-4F38-AAE4-4F8B8D0EDE0A}.Ad-Hoc|Any CPU.ActiveCfg = Ad-Hoc|iPhone
		{DEB9CA7C-7D8A-4F38-AAE4-4F8B8D0EDE0A}.Ad-Hoc|ARM.ActiveCfg = Ad-Hoc|iPhone
		{DEB9CA7C-7D8A-4F38-AAE4-4F8B8D0EDE0A}.Ad-Hoc|iPhone.ActiveCfg = Ad-Hoc|iPhone
		{DEB9CA7C-7D8A-4F38-AAE4-4F8B8D0EDE0A}.Ad-Hoc|iPhone.Build.0 = Ad-Hoc|iPhone
		{DEB9CA7C-7D8A-4F38-AAE4-4F8B8D0EDE0A}.Ad-Hoc|iPhoneSimulator.ActiveCfg = Ad-Hoc|iPhoneSimulator
		{DEB9CA7C-7D8A-4F38-AAE4-4F8B8D0EDE0A}.Ad-Hoc|iPhoneSimulator.Build.0 = Ad-Hoc|iPhoneSimulator
		{DEB9CA7C-7D8A-4F38-AAE4-4F8B8D0EDE0A}.Ad-Hoc|x64.ActiveCfg = Ad-Hoc|iPhone
		{DEB9CA7C-7D8A-4F38-AAE4-4F8B8D0EDE0A}.Ad-Hoc|x86.ActiveCfg = Ad-Hoc|iPhone
		{DEB9CA7C-7D8A-4F38-AAE4-4F8B8D0EDE0A}.AppStore|Any CPU.ActiveCfg = AppStore|iPhone
		{DEB9CA7C-7D8A-4F38-AAE4-4F8B8D0EDE0A}.AppStore|ARM.ActiveCfg = AppStore|iPhone
		{DEB9CA7C-7D8A-4F38-AAE4-4F8B8D0EDE0A}.AppStore|iPhone.ActiveCfg = AppStore|iPhone
		{DEB9CA7C-7D8A-4F38-AAE4-4F8B8D0EDE0A}.AppStore|iPhone.Build.0 = AppStore|iPhone
		{DEB9CA7C-7D8A-4F38-AAE4-4F8B8D0EDE0A}.AppStore|iPhoneSimulator.ActiveCfg = AppStore|iPhoneSimulator
		{DEB9CA7C-7D8A-4F38-AAE4-4F8B8D0EDE0A}.AppStore|iPhoneSimulator.Build.0 = AppStore|iPhoneSimulator
		{DEB9CA7C-7D8A-4F38-AAE4-4F8B8D0EDE0A}.AppStore|x64.ActiveCfg = AppStore|iPhone
		{DEB9CA7C-7D8A-4F38-AAE4-4F8B8D0EDE0A}.AppStore|x86.ActiveCfg = AppStore|iPhone
		{DEB9CA7C-7D8A-4F38-AAE4-4F8B8D0EDE0A}.Debug|Any CPU.ActiveCfg = Debug|iPhone
		{DEB9CA7C-7D8A-4F38-AAE4-4F8B8D0EDE0A}.Debug|ARM.ActiveCfg = Debug|iPhone
		{DEB9CA7C-7D8A-4F38-AAE4-4F8B8D0EDE0A}.Debug|iPhone.ActiveCfg = Debug|iPhone
		{DEB9CA7C-7D8A-4F38-AAE4-4F8B8D0EDE0A}.Debug|iPhone.Build.0 = Debug|iPhone
		{DEB9CA7C-7D8A-4F38-AAE4-4F8B8D0EDE0A}.Debug|iPhoneSimulator.ActiveCfg = Debug|iPhoneSimulator
		{DEB9CA7C-7D8A-4F38-AAE4-4F8B8D0EDE0A}.Debug|iPhoneSimulator.Build.0 = Debug|iPhoneSimulator
		{DEB9CA7C-7D8A-4F38-AAE4-4F8B8D0EDE0A}.Debug|x64.ActiveCfg = Debug|iPhone
		{DEB9CA7C-7D8A-4F38-AAE4-4F8B8D0EDE0A}.Debug|x86.ActiveCfg = Debug|iPhone
		{DEB9CA7C-7D8A-4F38-AAE4-4F8B8D0EDE0A}.Release|Any CPU.ActiveCfg = Release|iPhone
		{DEB9CA7C-7D8A-4F38-AAE4-4F8B8D0EDE0A}.Release|ARM.ActiveCfg = Release|iPhone
		{DEB9CA7C-7D8A-4F38-AAE4-4F8B8D0EDE0A}.Release|iPhone.ActiveCfg = Release|iPhone
		{DEB9CA7C-7D8A-4F38-AAE4-4F8B8D0EDE0A}.Release|iPhone.Build.0 = Release|iPhone
		{DEB9CA7C-7D8A-4F38-AAE4-4F8B8D0EDE0A}.Release|iPhoneSimulator.ActiveCfg = Release|iPhoneSimulator
		{DEB9CA7C-7D8A-4F38-AAE4-4F8B8D0EDE0A}.Release|iPhoneSimulator.Build.0 = Release|iPhoneSimulator
		{DEB9CA7C-7D8A-4F38-AAE4-4F8B8D0EDE0A}.Release|x64.ActiveCfg = Release|iPhone
		{DEB9CA7C-7D8A-4F38-AAE4-4F8B8D0EDE0A}.Release|x86.ActiveCfg = Release|iPhone
		{2E19C4EA-B371-4688-BF67-56E560DF69D7}.Ad-Hoc|Any CPU.ActiveCfg = Release|x86
		{2E19C4EA-B371-4688-BF67-56E560DF69D7}.Ad-Hoc|Any CPU.Build.0 = Release|x86
		{2E19C4EA-B371-4688-BF67-56E560DF69D7}.Ad-Hoc|Any CPU.Deploy.0 = Release|x86
		{2E19C4EA-B371-4688-BF67-56E560DF69D7}.Ad-Hoc|ARM.ActiveCfg = Release|ARM
		{2E19C4EA-B371-4688-BF67-56E560DF69D7}.Ad-Hoc|ARM.Build.0 = Release|ARM
		{2E19C4EA-B371-4688-BF67-56E560DF69D7}.Ad-Hoc|ARM.Deploy.0 = Release|ARM
		{2E19C4EA-B371-4688-BF67-56E560DF69D7}.Ad-Hoc|iPhone.ActiveCfg = Release|x86
		{2E19C4EA-B371-4688-BF67-56E560DF69D7}.Ad-Hoc|iPhone.Build.0 = Release|x86
		{2E19C4EA-B371-4688-BF67-56E560DF69D7}.Ad-Hoc|iPhone.Deploy.0 = Release|x86
		{2E19C4EA-B371-4688-BF67-56E560DF69D7}.Ad-Hoc|iPhoneSimulator.ActiveCfg = Release|x86
		{2E19C4EA-B371-4688-BF67-56E560DF69D7}.Ad-Hoc|iPhoneSimulator.Build.0 = Release|x86
		{2E19C4EA-B371-4688-BF67-56E560DF69D7}.Ad-Hoc|iPhoneSimulator.Deploy.0 = Release|x86
		{2E19C4EA-B371-4688-BF67-56E560DF69D7}.Ad-Hoc|x64.ActiveCfg = Release|x64
		{2E19C4EA-B371-4688-BF67-56E560DF69D7}.Ad-Hoc|x64.Build.0 = Release|x64
		{2E19C4EA-B371-4688-BF67-56E560DF69D7}.Ad-Hoc|x64.Deploy.0 = Release|x64
		{2E19C4EA-B371-4688-BF67-56E560DF69D7}.Ad-Hoc|x86.ActiveCfg = Release|x86
		{2E19C4EA-B371-4688-BF67-56E560DF69D7}.Ad-Hoc|x86.Build.0 = Release|x86
		{2E19C4EA-B371-4688-BF67-56E560DF69D7}.Ad-Hoc|x86.Deploy.0 = Release|x86
		{2E19C4EA-B371-4688-BF67-56E560DF69D7}.AppStore|Any CPU.ActiveCfg = Release|x86
		{2E19C4EA-B371-4688-BF67-56E560DF69D7}.AppStore|Any CPU.Build.0 = Release|x86
		{2E19C4EA-B371-4688-BF67-56E560DF69D7}.AppStore|Any CPU.Deploy.0 = Release|x86
		{2E19C4EA-B371-4688-BF67-56E560DF69D7}.AppStore|ARM.ActiveCfg = Release|ARM
		{2E19C4EA-B371-4688-BF67-56E560DF69D7}.AppStore|ARM.Build.0 = Release|ARM
		{2E19C4EA-B371-4688-BF67-56E560DF69D7}.AppStore|ARM.Deploy.0 = Release|ARM
		{2E19C4EA-B371-4688-BF67-56E560DF69D7}.AppStore|iPhone.ActiveCfg = Release|x86
		{2E19C4EA-B371-4688-BF67-56E560DF69D7}.AppStore|iPhone.Build.0 = Release|x86
		{2E19C4EA-B371-4688-BF67-56E560DF69D7}.AppStore|iPhone.Deploy.0 = Release|x86
		{2E19C4EA-B371-4688-BF67-56E560DF69D7}.AppStore|iPhoneSimulator.ActiveCfg = Release|x86
		{2E19C4EA-B371-4688-BF67-56E560DF69D7}.AppStore|iPhoneSimulator.Build.0 = Release|x86
		{2E19C4EA-B371-4688-BF67-56E560DF69D7}.AppStore|iPhoneSimulator.Deploy.0 = Release|x86
		{2E19C4EA-B371-4688-BF67-56E560DF69D7}.AppStore|x64.ActiveCfg = Release|x64
		{2E19C4EA-B371-4688-BF67-56E560DF69D7}.AppStore|x64.Build.0 = Release|x64
		{2E19C4EA-B371-4688-BF67-56E560DF69D7}.AppStore|x64.Deploy.0 = Release|x64
		{2E19C4EA-B371-4688-BF67-56E560DF69D7}.AppStore|x86.ActiveCfg = Release|x86
		{2E19C4EA-B371-4688-BF67-56E560DF69D7}.AppStore|x86.Build.0 = Release|x86
		{2E19C4EA-B371-4688-BF67-56E560DF69D7}.AppStore|x86.Deploy.0 = Release|x86
		{2E19C4EA-B371-4688-BF67-56E560DF69D7}.Debug|Any CPU.ActiveCfg = Debug|x86
		{2E19C4EA-B371-4688-BF67-56E560DF69D7}.Debug|ARM.ActiveCfg = Debug|ARM
		{2E19C4EA-B371-4688-BF67-56E560DF69D7}.Debug|ARM.Build.0 = Debug|ARM
		{2E19C4EA-B371-4688-BF67-56E560DF69D7}.Debug|ARM.Deploy.0 = Debug|ARM
		{2E19C4EA-B371-4688-BF67-56E560DF69D7}.Debug|iPhone.ActiveCfg = Debug|x86
		{2E19C4EA-B371-4688-BF67-56E560DF69D7}.Debug|iPhoneSimulator.ActiveCfg = Debug|x86
		{2E19C4EA-B371-4688-BF67-56E560DF69D7}.Debug|x64.ActiveCfg = Debug|x64
		{2E19C4EA-B371-4688-BF67-56E560DF69D7}.Debug|x64.Build.0 = Debug|x64
		{2E19C4EA-B371-4688-BF67-56E560DF69D7}.Debug|x64.Deploy.0 = Debug|x64
		{2E19C4EA-B371-4688-BF67-56E560DF69D7}.Debug|x86.ActiveCfg = Debug|x86
		{2E19C4EA-B371-4688-BF67-56E560DF69D7}.Debug|x86.Build.0 = Debug|x86
		{2E19C4EA-B371-4688-BF67-56E560DF69D7}.Debug|x86.Deploy.0 = Debug|x86
		{2E19C4EA-B371-4688-BF67-56E560DF69D7}.Release|Any CPU.ActiveCfg = Release|x86
		{2E19C4EA-B371-4688-BF67-56E560DF69D7}.Release|ARM.ActiveCfg = Release|ARM
		{2E19C4EA-B371-4688-BF67-56E560DF69D7}.Release|ARM.Build.0 = Release|ARM
		{2E19C4EA-B371-4688-BF67-56E560DF69D7}.Release|ARM.Deploy.0 = Release|ARM
		{2E19C4EA-B371-4688-BF67-56E560DF69D7}.Release|iPhone.ActiveCfg = Release|x86
		{2E19C4EA-B371-4688-BF67-56E560DF69D7}.Release|iPhoneSimulator.ActiveCfg = Release|x86
		{2E19C4EA-B371-4688-BF67-56E560DF69D7}.Release|x64.ActiveCfg = Release|x64
		{2E19C4EA-B371-4688-BF67-56E560DF69D7}.Release|x64.Build.0 = Release|x64
		{2E19C4EA-B371-4688-BF67-56E560DF69D7}.Release|x64.Deploy.0 = Release|x64
		{2E19C4EA-B371-4688-BF67-56E560DF69D7}.Release|x86.ActiveCfg = Release|x86
		{2E19C4EA-B371-4688-BF67-56E560DF69D7}.Release|x86.Build.0 = Release|x86
		{2E19C4EA-B371-4688-BF67-56E560DF69D7}.Release|x86.Deploy.0 = Release|x86
		{6232CE1D-670E-4C3F-9DC0-F0F2D461C56E}.Ad-Hoc|Any CPU.ActiveCfg = Debug|Any CPU
		{6232CE1D-670E-4C3F-9DC0-F0F2D461C56E}.Ad-Hoc|Any CPU.Build.0 = Debug|Any CPU
		{6232CE1D-670E-4C3F-9DC0-F0F2D461C56E}.Ad-Hoc|ARM.ActiveCfg = Debug|Any CPU
		{6232CE1D-670E-4C3F-9DC0-F0F2D461C56E}.Ad-Hoc|ARM.Build.0 = Debug|Any CPU
		{6232CE1D-670E-4C3F-9DC0-F0F2D461C56E}.Ad-Hoc|iPhone.ActiveCfg = Debug|Any CPU
		{6232CE1D-670E-4C3F-9DC0-F0F2D461C56E}.Ad-Hoc|iPhone.Build.0 = Debug|Any CPU
		{6232CE1D-670E-4C3F-9DC0-F0F2D461C56E}.Ad-Hoc|iPhoneSimulator.ActiveCfg = Debug|Any CPU
		{6232CE1D-670E-4C3F-9DC0-F0F2D461C56E}.Ad-Hoc|iPhoneSimulator.Build.0 = Debug|Any CPU
		{6232CE1D-670E-4C3F-9DC0-F0F2D461C56E}.Ad-Hoc|x64.ActiveCfg = Debug|Any CPU
		{6232CE1D-670E-4C3F-9DC0-F0F2D461C56E}.Ad-Hoc|x64.Build.0 = Debug|Any CPU
		{6232CE1D-670E-4C3F-9DC0-F0F2D461C56E}.Ad-Hoc|x86.ActiveCfg = Debug|Any CPU
		{6232CE1D-670E-4C3F-9DC0-F0F2D461C56E}.Ad-Hoc|x86.Build.0 = Debug|Any CPU
		{6232CE1D-670E-4C3F-9DC0-F0F2D461C56E}.AppStore|Any CPU.ActiveCfg = Debug|Any CPU
		{6232CE1D-670E-4C3F-9DC0-F0F2D461C56E}.AppStore|Any CPU.Build.0 = Debug|Any CPU
		{6232CE1D-670E-4C3F-9DC0-F0F2D461C56E}.AppStore|ARM.ActiveCfg = Debug|Any CPU
		{6232CE1D-670E-4C3F-9DC0-F0F2D461C56E}.AppStore|ARM.Build.0 = Debug|Any CPU
		{6232CE1D-670E-4C3F-9DC0-F0F2D461C56E}.AppStore|iPhone.ActiveCfg = Debug|Any CPU
		{6232CE1D-670E-4C3F-9DC0-F0F2D461C56E}.AppStore|iPhone.Build.0 = Debug|Any CPU
		{6232CE1D-670E-4C3F-9DC0-F0F2D461C56E}.AppStore|iPhoneSimulator.ActiveCfg = Debug|Any CPU
		{6232CE1D-670E-4C3F-9DC0-F0F2D461C56E}.AppStore|iPhoneSimulator.Build.0 = Debug|Any CPU
		{6232CE1D-670E-4C3F-9DC0-F0F2D461C56E}.AppStore|x64.ActiveCfg = Debug|Any CPU
		{6232CE1D-670E-4C3F-9DC0-F0F2D461C56E}.AppStore|x64.Build.0 = Debug|Any CPU
		{6232CE1D-670E-4C3F-9DC0-F0F2D461C56E}.AppStore|x86.ActiveCfg = Debug|Any CPU
		{6232CE1D-670E-4C3F-9DC0-F0F2D461C56E}.AppStore|x86.Build.0 = Debug|Any CPU
		{6232CE1D-670E-4C3F-9DC0-F0F2D461C56E}.Debug|Any CPU.ActiveCfg = Debug|Any CPU
		{6232CE1D-670E-4C3F-9DC0-F0F2D461C56E}.Debug|Any CPU.Build.0 = Debug|Any CPU
		{6232CE1D-670E-4C3F-9DC0-F0F2D461C56E}.Debug|ARM.ActiveCfg = Debug|Any CPU
		{6232CE1D-670E-4C3F-9DC0-F0F2D461C56E}.Debug|ARM.Build.0 = Debug|Any CPU
		{6232CE1D-670E-4C3F-9DC0-F0F2D461C56E}.Debug|iPhone.ActiveCfg = Debug|Any CPU
		{6232CE1D-670E-4C3F-9DC0-F0F2D461C56E}.Debug|iPhone.Build.0 = Debug|Any CPU
		{6232CE1D-670E-4C3F-9DC0-F0F2D461C56E}.Debug|iPhoneSimulator.ActiveCfg = Debug|Any CPU
		{6232CE1D-670E-4C3F-9DC0-F0F2D461C56E}.Debug|iPhoneSimulator.Build.0 = Debug|Any CPU
		{6232CE1D-670E-4C3F-9DC0-F0F2D461C56E}.Debug|x64.ActiveCfg = Debug|Any CPU
		{6232CE1D-670E-4C3F-9DC0-F0F2D461C56E}.Debug|x64.Build.0 = Debug|Any CPU
		{6232CE1D-670E-4C3F-9DC0-F0F2D461C56E}.Debug|x86.ActiveCfg = Debug|Any CPU
		{6232CE1D-670E-4C3F-9DC0-F0F2D461C56E}.Debug|x86.Build.0 = Debug|Any CPU
		{6232CE1D-670E-4C3F-9DC0-F0F2D461C56E}.Release|Any CPU.ActiveCfg = Release|Any CPU
		{6232CE1D-670E-4C3F-9DC0-F0F2D461C56E}.Release|Any CPU.Build.0 = Release|Any CPU
		{6232CE1D-670E-4C3F-9DC0-F0F2D461C56E}.Release|ARM.ActiveCfg = Release|Any CPU
		{6232CE1D-670E-4C3F-9DC0-F0F2D461C56E}.Release|ARM.Build.0 = Release|Any CPU
		{6232CE1D-670E-4C3F-9DC0-F0F2D461C56E}.Release|iPhone.ActiveCfg = Release|Any CPU
		{6232CE1D-670E-4C3F-9DC0-F0F2D461C56E}.Release|iPhone.Build.0 = Release|Any CPU
		{6232CE1D-670E-4C3F-9DC0-F0F2D461C56E}.Release|iPhoneSimulator.ActiveCfg = Release|Any CPU
		{6232CE1D-670E-4C3F-9DC0-F0F2D461C56E}.Release|iPhoneSimulator.Build.0 = Release|Any CPU
		{6232CE1D-670E-4C3F-9DC0-F0F2D461C56E}.Release|x64.ActiveCfg = Release|Any CPU
		{6232CE1D-670E-4C3F-9DC0-F0F2D461C56E}.Release|x64.Build.0 = Release|Any CPU
		{6232CE1D-670E-4C3F-9DC0-F0F2D461C56E}.Release|x86.ActiveCfg = Release|Any CPU
		{6232CE1D-670E-4C3F-9DC0-F0F2D461C56E}.Release|x86.Build.0 = Release|Any CPU
		{47C22D0C-A78B-4022-93C5-06AC6C7B6384}.Ad-Hoc|Any CPU.ActiveCfg = Release|Any CPU
		{47C22D0C-A78B-4022-93C5-06AC6C7B6384}.Ad-Hoc|Any CPU.Build.0 = Release|Any CPU
		{47C22D0C-A78B-4022-93C5-06AC6C7B6384}.Ad-Hoc|Any CPU.Deploy.0 = Release|Any CPU
		{47C22D0C-A78B-4022-93C5-06AC6C7B6384}.Ad-Hoc|ARM.ActiveCfg = Release|Any CPU
		{47C22D0C-A78B-4022-93C5-06AC6C7B6384}.Ad-Hoc|ARM.Build.0 = Release|Any CPU
		{47C22D0C-A78B-4022-93C5-06AC6C7B6384}.Ad-Hoc|ARM.Deploy.0 = Release|Any CPU
		{47C22D0C-A78B-4022-93C5-06AC6C7B6384}.Ad-Hoc|iPhone.ActiveCfg = Release|Any CPU
		{47C22D0C-A78B-4022-93C5-06AC6C7B6384}.Ad-Hoc|iPhone.Build.0 = Release|Any CPU
		{47C22D0C-A78B-4022-93C5-06AC6C7B6384}.Ad-Hoc|iPhone.Deploy.0 = Release|Any CPU
		{47C22D0C-A78B-4022-93C5-06AC6C7B6384}.Ad-Hoc|iPhoneSimulator.ActiveCfg = Release|Any CPU
		{47C22D0C-A78B-4022-93C5-06AC6C7B6384}.Ad-Hoc|iPhoneSimulator.Build.0 = Release|Any CPU
		{47C22D0C-A78B-4022-93C5-06AC6C7B6384}.Ad-Hoc|iPhoneSimulator.Deploy.0 = Release|Any CPU
		{47C22D0C-A78B-4022-93C5-06AC6C7B6384}.Ad-Hoc|x64.ActiveCfg = Release|Any CPU
		{47C22D0C-A78B-4022-93C5-06AC6C7B6384}.Ad-Hoc|x64.Build.0 = Release|Any CPU
		{47C22D0C-A78B-4022-93C5-06AC6C7B6384}.Ad-Hoc|x64.Deploy.0 = Release|Any CPU
		{47C22D0C-A78B-4022-93C5-06AC6C7B6384}.Ad-Hoc|x86.ActiveCfg = Release|Any CPU
		{47C22D0C-A78B-4022-93C5-06AC6C7B6384}.Ad-Hoc|x86.Build.0 = Release|Any CPU
		{47C22D0C-A78B-4022-93C5-06AC6C7B6384}.Ad-Hoc|x86.Deploy.0 = Release|Any CPU
		{47C22D0C-A78B-4022-93C5-06AC6C7B6384}.AppStore|Any CPU.ActiveCfg = Release|Any CPU
		{47C22D0C-A78B-4022-93C5-06AC6C7B6384}.AppStore|Any CPU.Build.0 = Release|Any CPU
		{47C22D0C-A78B-4022-93C5-06AC6C7B6384}.AppStore|Any CPU.Deploy.0 = Release|Any CPU
		{47C22D0C-A78B-4022-93C5-06AC6C7B6384}.AppStore|ARM.ActiveCfg = Release|Any CPU
		{47C22D0C-A78B-4022-93C5-06AC6C7B6384}.AppStore|ARM.Build.0 = Release|Any CPU
		{47C22D0C-A78B-4022-93C5-06AC6C7B6384}.AppStore|ARM.Deploy.0 = Release|Any CPU
		{47C22D0C-A78B-4022-93C5-06AC6C7B6384}.AppStore|iPhone.ActiveCfg = Release|Any CPU
		{47C22D0C-A78B-4022-93C5-06AC6C7B6384}.AppStore|iPhone.Build.0 = Release|Any CPU
		{47C22D0C-A78B-4022-93C5-06AC6C7B6384}.AppStore|iPhone.Deploy.0 = Release|Any CPU
		{47C22D0C-A78B-4022-93C5-06AC6C7B6384}.AppStore|iPhoneSimulator.ActiveCfg = Release|Any CPU
		{47C22D0C-A78B-4022-93C5-06AC6C7B6384}.AppStore|iPhoneSimulator.Build.0 = Release|Any CPU
		{47C22D0C-A78B-4022-93C5-06AC6C7B6384}.AppStore|iPhoneSimulator.Deploy.0 = Release|Any CPU
		{47C22D0C-A78B-4022-93C5-06AC6C7B6384}.AppStore|x64.ActiveCfg = Release|Any CPU
		{47C22D0C-A78B-4022-93C5-06AC6C7B6384}.AppStore|x64.Build.0 = Release|Any CPU
		{47C22D0C-A78B-4022-93C5-06AC6C7B6384}.AppStore|x64.Deploy.0 = Release|Any CPU
		{47C22D0C-A78B-4022-93C5-06AC6C7B6384}.AppStore|x86.ActiveCfg = Release|Any CPU
		{47C22D0C-A78B-4022-93C5-06AC6C7B6384}.AppStore|x86.Build.0 = Release|Any CPU
		{47C22D0C-A78B-4022-93C5-06AC6C7B6384}.AppStore|x86.Deploy.0 = Release|Any CPU
		{47C22D0C-A78B-4022-93C5-06AC6C7B6384}.Debug|Any CPU.ActiveCfg = Debug|Any CPU
		{47C22D0C-A78B-4022-93C5-06AC6C7B6384}.Debug|Any CPU.Build.0 = Debug|Any CPU
		{47C22D0C-A78B-4022-93C5-06AC6C7B6384}.Debug|Any CPU.Deploy.0 = Debug|Any CPU
		{47C22D0C-A78B-4022-93C5-06AC6C7B6384}.Debug|ARM.ActiveCfg = Debug|Any CPU
		{47C22D0C-A78B-4022-93C5-06AC6C7B6384}.Debug|ARM.Build.0 = Debug|Any CPU
		{47C22D0C-A78B-4022-93C5-06AC6C7B6384}.Debug|ARM.Deploy.0 = Debug|Any CPU
		{47C22D0C-A78B-4022-93C5-06AC6C7B6384}.Debug|iPhone.ActiveCfg = Debug|Any CPU
		{47C22D0C-A78B-4022-93C5-06AC6C7B6384}.Debug|iPhone.Build.0 = Debug|Any CPU
		{47C22D0C-A78B-4022-93C5-06AC6C7B6384}.Debug|iPhone.Deploy.0 = Debug|Any CPU
		{47C22D0C-A78B-4022-93C5-06AC6C7B6384}.Debug|iPhoneSimulator.ActiveCfg = Debug|Any CPU
		{47C22D0C-A78B-4022-93C5-06AC6C7B6384}.Debug|iPhoneSimulator.Build.0 = Debug|Any CPU
		{47C22D0C-A78B-4022-93C5-06AC6C7B6384}.Debug|iPhoneSimulator.Deploy.0 = Debug|Any CPU
		{47C22D0C-A78B-4022-93C5-06AC6C7B6384}.Debug|x64.ActiveCfg = Debug|Any CPU
		{47C22D0C-A78B-4022-93C5-06AC6C7B6384}.Debug|x64.Build.0 = Debug|Any CPU
		{47C22D0C-A78B-4022-93C5-06AC6C7B6384}.Debug|x64.Deploy.0 = Debug|Any CPU
		{47C22D0C-A78B-4022-93C5-06AC6C7B6384}.Debug|x86.ActiveCfg = Debug|Any CPU
		{47C22D0C-A78B-4022-93C5-06AC6C7B6384}.Debug|x86.Build.0 = Debug|Any CPU
		{47C22D0C-A78B-4022-93C5-06AC6C7B6384}.Debug|x86.Deploy.0 = Debug|Any CPU
		{47C22D0C-A78B-4022-93C5-06AC6C7B6384}.Release|Any CPU.ActiveCfg = Release|Any CPU
		{47C22D0C-A78B-4022-93C5-06AC6C7B6384}.Release|Any CPU.Build.0 = Release|Any CPU
		{47C22D0C-A78B-4022-93C5-06AC6C7B6384}.Release|Any CPU.Deploy.0 = Release|Any CPU
		{47C22D0C-A78B-4022-93C5-06AC6C7B6384}.Release|ARM.ActiveCfg = Release|Any CPU
		{47C22D0C-A78B-4022-93C5-06AC6C7B6384}.Release|ARM.Build.0 = Release|Any CPU
		{47C22D0C-A78B-4022-93C5-06AC6C7B6384}.Release|ARM.Deploy.0 = Release|Any CPU
		{47C22D0C-A78B-4022-93C5-06AC6C7B6384}.Release|iPhone.ActiveCfg = Release|Any CPU
		{47C22D0C-A78B-4022-93C5-06AC6C7B6384}.Release|iPhone.Build.0 = Release|Any CPU
		{47C22D0C-A78B-4022-93C5-06AC6C7B6384}.Release|iPhone.Deploy.0 = Release|Any CPU
		{47C22D0C-A78B-4022-93C5-06AC6C7B6384}.Release|iPhoneSimulator.ActiveCfg = Release|Any CPU
		{47C22D0C-A78B-4022-93C5-06AC6C7B6384}.Release|iPhoneSimulator.Build.0 = Release|Any CPU
		{47C22D0C-A78B-4022-93C5-06AC6C7B6384}.Release|iPhoneSimulator.Deploy.0 = Release|Any CPU
		{47C22D0C-A78B-4022-93C5-06AC6C7B6384}.Release|x64.ActiveCfg = Release|Any CPU
		{47C22D0C-A78B-4022-93C5-06AC6C7B6384}.Release|x64.Build.0 = Release|Any CPU
		{47C22D0C-A78B-4022-93C5-06AC6C7B6384}.Release|x64.Deploy.0 = Release|Any CPU
		{47C22D0C-A78B-4022-93C5-06AC6C7B6384}.Release|x86.ActiveCfg = Release|Any CPU
		{47C22D0C-A78B-4022-93C5-06AC6C7B6384}.Release|x86.Build.0 = Release|Any CPU
		{47C22D0C-A78B-4022-93C5-06AC6C7B6384}.Release|x86.Deploy.0 = Release|Any CPU
		{F92E0DFD-B313-4C68-8439-E2733133F78C}.Ad-Hoc|Any CPU.ActiveCfg = Ad-Hoc|iPhone
		{F92E0DFD-B313-4C68-8439-E2733133F78C}.Ad-Hoc|ARM.ActiveCfg = Ad-Hoc|iPhone
		{F92E0DFD-B313-4C68-8439-E2733133F78C}.Ad-Hoc|iPhone.ActiveCfg = Ad-Hoc|iPhone
		{F92E0DFD-B313-4C68-8439-E2733133F78C}.Ad-Hoc|iPhone.Build.0 = Ad-Hoc|iPhone
		{F92E0DFD-B313-4C68-8439-E2733133F78C}.Ad-Hoc|iPhoneSimulator.ActiveCfg = Ad-Hoc|iPhoneSimulator
		{F92E0DFD-B313-4C68-8439-E2733133F78C}.Ad-Hoc|iPhoneSimulator.Build.0 = Ad-Hoc|iPhoneSimulator
		{F92E0DFD-B313-4C68-8439-E2733133F78C}.Ad-Hoc|x64.ActiveCfg = Ad-Hoc|iPhone
		{F92E0DFD-B313-4C68-8439-E2733133F78C}.Ad-Hoc|x86.ActiveCfg = Ad-Hoc|iPhone
		{F92E0DFD-B313-4C68-8439-E2733133F78C}.AppStore|Any CPU.ActiveCfg = AppStore|iPhone
		{F92E0DFD-B313-4C68-8439-E2733133F78C}.AppStore|ARM.ActiveCfg = AppStore|iPhone
		{F92E0DFD-B313-4C68-8439-E2733133F78C}.AppStore|iPhone.ActiveCfg = AppStore|iPhone
		{F92E0DFD-B313-4C68-8439-E2733133F78C}.AppStore|iPhone.Build.0 = AppStore|iPhone
		{F92E0DFD-B313-4C68-8439-E2733133F78C}.AppStore|iPhoneSimulator.ActiveCfg = AppStore|iPhoneSimulator
		{F92E0DFD-B313-4C68-8439-E2733133F78C}.AppStore|iPhoneSimulator.Build.0 = AppStore|iPhoneSimulator
		{F92E0DFD-B313-4C68-8439-E2733133F78C}.AppStore|x64.ActiveCfg = AppStore|iPhone
		{F92E0DFD-B313-4C68-8439-E2733133F78C}.AppStore|x86.ActiveCfg = AppStore|iPhone
		{F92E0DFD-B313-4C68-8439-E2733133F78C}.Debug|Any CPU.ActiveCfg = Debug|iPhone
		{F92E0DFD-B313-4C68-8439-E2733133F78C}.Debug|ARM.ActiveCfg = Debug|iPhone
		{F92E0DFD-B313-4C68-8439-E2733133F78C}.Debug|iPhone.ActiveCfg = Debug|iPhone
		{F92E0DFD-B313-4C68-8439-E2733133F78C}.Debug|iPhone.Build.0 = Debug|iPhone
		{F92E0DFD-B313-4C68-8439-E2733133F78C}.Debug|iPhoneSimulator.ActiveCfg = Debug|iPhoneSimulator
		{F92E0DFD-B313-4C68-8439-E2733133F78C}.Debug|iPhoneSimulator.Build.0 = Debug|iPhoneSimulator
		{F92E0DFD-B313-4C68-8439-E2733133F78C}.Debug|x64.ActiveCfg = Debug|iPhone
		{F92E0DFD-B313-4C68-8439-E2733133F78C}.Debug|x86.ActiveCfg = Debug|iPhone
		{F92E0DFD-B313-4C68-8439-E2733133F78C}.Release|Any CPU.ActiveCfg = Release|iPhone
		{F92E0DFD-B313-4C68-8439-E2733133F78C}.Release|ARM.ActiveCfg = Release|iPhone
		{F92E0DFD-B313-4C68-8439-E2733133F78C}.Release|iPhone.ActiveCfg = Release|iPhone
		{F92E0DFD-B313-4C68-8439-E2733133F78C}.Release|iPhone.Build.0 = Release|iPhone
		{F92E0DFD-B313-4C68-8439-E2733133F78C}.Release|iPhoneSimulator.ActiveCfg = Release|iPhoneSimulator
		{F92E0DFD-B313-4C68-8439-E2733133F78C}.Release|iPhoneSimulator.Build.0 = Release|iPhoneSimulator
		{F92E0DFD-B313-4C68-8439-E2733133F78C}.Release|x64.ActiveCfg = Release|iPhone
		{F92E0DFD-B313-4C68-8439-E2733133F78C}.Release|x86.ActiveCfg = Release|iPhone
		{00702F85-D2F1-4840-8B8D-06BA280AD615}.Ad-Hoc|Any CPU.ActiveCfg = Release|x86
		{00702F85-D2F1-4840-8B8D-06BA280AD615}.Ad-Hoc|Any CPU.Build.0 = Release|x86
		{00702F85-D2F1-4840-8B8D-06BA280AD615}.Ad-Hoc|Any CPU.Deploy.0 = Release|x86
		{00702F85-D2F1-4840-8B8D-06BA280AD615}.Ad-Hoc|ARM.ActiveCfg = Release|ARM
		{00702F85-D2F1-4840-8B8D-06BA280AD615}.Ad-Hoc|ARM.Build.0 = Release|ARM
		{00702F85-D2F1-4840-8B8D-06BA280AD615}.Ad-Hoc|ARM.Deploy.0 = Release|ARM
		{00702F85-D2F1-4840-8B8D-06BA280AD615}.Ad-Hoc|iPhone.ActiveCfg = Release|x86
		{00702F85-D2F1-4840-8B8D-06BA280AD615}.Ad-Hoc|iPhone.Build.0 = Release|x86
		{00702F85-D2F1-4840-8B8D-06BA280AD615}.Ad-Hoc|iPhone.Deploy.0 = Release|x86
		{00702F85-D2F1-4840-8B8D-06BA280AD615}.Ad-Hoc|iPhoneSimulator.ActiveCfg = Release|x86
		{00702F85-D2F1-4840-8B8D-06BA280AD615}.Ad-Hoc|iPhoneSimulator.Build.0 = Release|x86
		{00702F85-D2F1-4840-8B8D-06BA280AD615}.Ad-Hoc|iPhoneSimulator.Deploy.0 = Release|x86
		{00702F85-D2F1-4840-8B8D-06BA280AD615}.Ad-Hoc|x64.ActiveCfg = Release|x64
		{00702F85-D2F1-4840-8B8D-06BA280AD615}.Ad-Hoc|x64.Build.0 = Release|x64
		{00702F85-D2F1-4840-8B8D-06BA280AD615}.Ad-Hoc|x64.Deploy.0 = Release|x64
		{00702F85-D2F1-4840-8B8D-06BA280AD615}.Ad-Hoc|x86.ActiveCfg = Release|x86
		{00702F85-D2F1-4840-8B8D-06BA280AD615}.Ad-Hoc|x86.Build.0 = Release|x86
		{00702F85-D2F1-4840-8B8D-06BA280AD615}.Ad-Hoc|x86.Deploy.0 = Release|x86
		{00702F85-D2F1-4840-8B8D-06BA280AD615}.AppStore|Any CPU.ActiveCfg = Release|x86
		{00702F85-D2F1-4840-8B8D-06BA280AD615}.AppStore|Any CPU.Build.0 = Release|x86
		{00702F85-D2F1-4840-8B8D-06BA280AD615}.AppStore|Any CPU.Deploy.0 = Release|x86
		{00702F85-D2F1-4840-8B8D-06BA280AD615}.AppStore|ARM.ActiveCfg = Release|ARM
		{00702F85-D2F1-4840-8B8D-06BA280AD615}.AppStore|ARM.Build.0 = Release|ARM
		{00702F85-D2F1-4840-8B8D-06BA280AD615}.AppStore|ARM.Deploy.0 = Release|ARM
		{00702F85-D2F1-4840-8B8D-06BA280AD615}.AppStore|iPhone.ActiveCfg = Release|x86
		{00702F85-D2F1-4840-8B8D-06BA280AD615}.AppStore|iPhone.Build.0 = Release|x86
		{00702F85-D2F1-4840-8B8D-06BA280AD615}.AppStore|iPhone.Deploy.0 = Release|x86
		{00702F85-D2F1-4840-8B8D-06BA280AD615}.AppStore|iPhoneSimulator.ActiveCfg = Release|x86
		{00702F85-D2F1-4840-8B8D-06BA280AD615}.AppStore|iPhoneSimulator.Build.0 = Release|x86
		{00702F85-D2F1-4840-8B8D-06BA280AD615}.AppStore|iPhoneSimulator.Deploy.0 = Release|x86
		{00702F85-D2F1-4840-8B8D-06BA280AD615}.AppStore|x64.ActiveCfg = Release|x64
		{00702F85-D2F1-4840-8B8D-06BA280AD615}.AppStore|x64.Build.0 = Release|x64
		{00702F85-D2F1-4840-8B8D-06BA280AD615}.AppStore|x64.Deploy.0 = Release|x64
		{00702F85-D2F1-4840-8B8D-06BA280AD615}.AppStore|x86.ActiveCfg = Release|x86
		{00702F85-D2F1-4840-8B8D-06BA280AD615}.AppStore|x86.Build.0 = Release|x86
		{00702F85-D2F1-4840-8B8D-06BA280AD615}.AppStore|x86.Deploy.0 = Release|x86
		{00702F85-D2F1-4840-8B8D-06BA280AD615}.Debug|Any CPU.ActiveCfg = Debug|x86
		{00702F85-D2F1-4840-8B8D-06BA280AD615}.Debug|ARM.ActiveCfg = Debug|ARM
		{00702F85-D2F1-4840-8B8D-06BA280AD615}.Debug|ARM.Build.0 = Debug|ARM
		{00702F85-D2F1-4840-8B8D-06BA280AD615}.Debug|ARM.Deploy.0 = Debug|ARM
		{00702F85-D2F1-4840-8B8D-06BA280AD615}.Debug|iPhone.ActiveCfg = Debug|x86
		{00702F85-D2F1-4840-8B8D-06BA280AD615}.Debug|iPhoneSimulator.ActiveCfg = Debug|x86
		{00702F85-D2F1-4840-8B8D-06BA280AD615}.Debug|x64.ActiveCfg = Debug|x64
		{00702F85-D2F1-4840-8B8D-06BA280AD615}.Debug|x64.Build.0 = Debug|x64
		{00702F85-D2F1-4840-8B8D-06BA280AD615}.Debug|x64.Deploy.0 = Debug|x64
		{00702F85-D2F1-4840-8B8D-06BA280AD615}.Debug|x86.ActiveCfg = Debug|x86
		{00702F85-D2F1-4840-8B8D-06BA280AD615}.Debug|x86.Build.0 = Debug|x86
		{00702F85-D2F1-4840-8B8D-06BA280AD615}.Debug|x86.Deploy.0 = Debug|x86
		{00702F85-D2F1-4840-8B8D-06BA280AD615}.Release|Any CPU.ActiveCfg = Release|x86
		{00702F85-D2F1-4840-8B8D-06BA280AD615}.Release|ARM.ActiveCfg = Release|ARM
		{00702F85-D2F1-4840-8B8D-06BA280AD615}.Release|ARM.Build.0 = Release|ARM
		{00702F85-D2F1-4840-8B8D-06BA280AD615}.Release|ARM.Deploy.0 = Release|ARM
		{00702F85-D2F1-4840-8B8D-06BA280AD615}.Release|iPhone.ActiveCfg = Release|x86
		{00702F85-D2F1-4840-8B8D-06BA280AD615}.Release|iPhoneSimulator.ActiveCfg = Release|x86
		{00702F85-D2F1-4840-8B8D-06BA280AD615}.Release|x64.ActiveCfg = Release|x64
		{00702F85-D2F1-4840-8B8D-06BA280AD615}.Release|x64.Build.0 = Release|x64
		{00702F85-D2F1-4840-8B8D-06BA280AD615}.Release|x64.Deploy.0 = Release|x64
		{00702F85-D2F1-4840-8B8D-06BA280AD615}.Release|x86.ActiveCfg = Release|x86
		{00702F85-D2F1-4840-8B8D-06BA280AD615}.Release|x86.Build.0 = Release|x86
		{00702F85-D2F1-4840-8B8D-06BA280AD615}.Release|x86.Deploy.0 = Release|x86
		{20B32731-02BB-4C36-B059-3B89C4670D14}.Ad-Hoc|Any CPU.ActiveCfg = Debug|Any CPU
		{20B32731-02BB-4C36-B059-3B89C4670D14}.Ad-Hoc|Any CPU.Build.0 = Debug|Any CPU
		{20B32731-02BB-4C36-B059-3B89C4670D14}.Ad-Hoc|ARM.ActiveCfg = Debug|Any CPU
		{20B32731-02BB-4C36-B059-3B89C4670D14}.Ad-Hoc|ARM.Build.0 = Debug|Any CPU
		{20B32731-02BB-4C36-B059-3B89C4670D14}.Ad-Hoc|iPhone.ActiveCfg = Debug|Any CPU
		{20B32731-02BB-4C36-B059-3B89C4670D14}.Ad-Hoc|iPhone.Build.0 = Debug|Any CPU
		{20B32731-02BB-4C36-B059-3B89C4670D14}.Ad-Hoc|iPhoneSimulator.ActiveCfg = Debug|Any CPU
		{20B32731-02BB-4C36-B059-3B89C4670D14}.Ad-Hoc|iPhoneSimulator.Build.0 = Debug|Any CPU
		{20B32731-02BB-4C36-B059-3B89C4670D14}.Ad-Hoc|x64.ActiveCfg = Debug|Any CPU
		{20B32731-02BB-4C36-B059-3B89C4670D14}.Ad-Hoc|x64.Build.0 = Debug|Any CPU
		{20B32731-02BB-4C36-B059-3B89C4670D14}.Ad-Hoc|x86.ActiveCfg = Debug|Any CPU
		{20B32731-02BB-4C36-B059-3B89C4670D14}.Ad-Hoc|x86.Build.0 = Debug|Any CPU
		{20B32731-02BB-4C36-B059-3B89C4670D14}.AppStore|Any CPU.ActiveCfg = Debug|Any CPU
		{20B32731-02BB-4C36-B059-3B89C4670D14}.AppStore|Any CPU.Build.0 = Debug|Any CPU
		{20B32731-02BB-4C36-B059-3B89C4670D14}.AppStore|ARM.ActiveCfg = Debug|Any CPU
		{20B32731-02BB-4C36-B059-3B89C4670D14}.AppStore|ARM.Build.0 = Debug|Any CPU
		{20B32731-02BB-4C36-B059-3B89C4670D14}.AppStore|iPhone.ActiveCfg = Debug|Any CPU
		{20B32731-02BB-4C36-B059-3B89C4670D14}.AppStore|iPhone.Build.0 = Debug|Any CPU
		{20B32731-02BB-4C36-B059-3B89C4670D14}.AppStore|iPhoneSimulator.ActiveCfg = Debug|Any CPU
		{20B32731-02BB-4C36-B059-3B89C4670D14}.AppStore|iPhoneSimulator.Build.0 = Debug|Any CPU
		{20B32731-02BB-4C36-B059-3B89C4670D14}.AppStore|x64.ActiveCfg = Debug|Any CPU
		{20B32731-02BB-4C36-B059-3B89C4670D14}.AppStore|x64.Build.0 = Debug|Any CPU
		{20B32731-02BB-4C36-B059-3B89C4670D14}.AppStore|x86.ActiveCfg = Debug|Any CPU
		{20B32731-02BB-4C36-B059-3B89C4670D14}.AppStore|x86.Build.0 = Debug|Any CPU
		{20B32731-02BB-4C36-B059-3B89C4670D14}.Debug|Any CPU.ActiveCfg = Debug|Any CPU
		{20B32731-02BB-4C36-B059-3B89C4670D14}.Debug|Any CPU.Build.0 = Debug|Any CPU
		{20B32731-02BB-4C36-B059-3B89C4670D14}.Debug|ARM.ActiveCfg = Debug|Any CPU
		{20B32731-02BB-4C36-B059-3B89C4670D14}.Debug|ARM.Build.0 = Debug|Any CPU
		{20B32731-02BB-4C36-B059-3B89C4670D14}.Debug|iPhone.ActiveCfg = Debug|Any CPU
		{20B32731-02BB-4C36-B059-3B89C4670D14}.Debug|iPhone.Build.0 = Debug|Any CPU
		{20B32731-02BB-4C36-B059-3B89C4670D14}.Debug|iPhoneSimulator.ActiveCfg = Debug|Any CPU
		{20B32731-02BB-4C36-B059-3B89C4670D14}.Debug|iPhoneSimulator.Build.0 = Debug|Any CPU
		{20B32731-02BB-4C36-B059-3B89C4670D14}.Debug|x64.ActiveCfg = Debug|Any CPU
		{20B32731-02BB-4C36-B059-3B89C4670D14}.Debug|x64.Build.0 = Debug|Any CPU
		{20B32731-02BB-4C36-B059-3B89C4670D14}.Debug|x86.ActiveCfg = Debug|Any CPU
		{20B32731-02BB-4C36-B059-3B89C4670D14}.Debug|x86.Build.0 = Debug|Any CPU
		{20B32731-02BB-4C36-B059-3B89C4670D14}.Release|Any CPU.ActiveCfg = Release|Any CPU
		{20B32731-02BB-4C36-B059-3B89C4670D14}.Release|Any CPU.Build.0 = Release|Any CPU
		{20B32731-02BB-4C36-B059-3B89C4670D14}.Release|ARM.ActiveCfg = Release|Any CPU
		{20B32731-02BB-4C36-B059-3B89C4670D14}.Release|ARM.Build.0 = Release|Any CPU
		{20B32731-02BB-4C36-B059-3B89C4670D14}.Release|iPhone.ActiveCfg = Release|Any CPU
		{20B32731-02BB-4C36-B059-3B89C4670D14}.Release|iPhone.Build.0 = Release|Any CPU
		{20B32731-02BB-4C36-B059-3B89C4670D14}.Release|iPhoneSimulator.ActiveCfg = Release|Any CPU
		{20B32731-02BB-4C36-B059-3B89C4670D14}.Release|iPhoneSimulator.Build.0 = Release|Any CPU
		{20B32731-02BB-4C36-B059-3B89C4670D14}.Release|x64.ActiveCfg = Release|Any CPU
		{20B32731-02BB-4C36-B059-3B89C4670D14}.Release|x64.Build.0 = Release|Any CPU
		{20B32731-02BB-4C36-B059-3B89C4670D14}.Release|x86.ActiveCfg = Release|Any CPU
		{20B32731-02BB-4C36-B059-3B89C4670D14}.Release|x86.Build.0 = Release|Any CPU
	EndGlobalSection
	GlobalSection(SolutionProperties) = preSolution
		HideSolutionNode = FALSE
	EndGlobalSection
	GlobalSection(ExtensibilityGlobals) = postSolution
		SolutionGuid = {EC7EE587-A39B-4B07-8314-A7F2497ACA70}
	EndGlobalSection
EndGlobal
